// !$*UTF8*$!
{
	archiveVersion = 1;
	classes = {
	};
	objectVersion = 50;
	objects = {

/* Begin PBXBuildFile section */
		ADF724C52479DEC40047740C /* AppDelegate.swift in Sources */ = {isa = PBXBuildFile; fileRef = ADF724C42479DEC40047740C /* AppDelegate.swift */; };
		ADF724C72479DEC40047740C /* SceneDelegate.swift in Sources */ = {isa = PBXBuildFile; fileRef = ADF724C62479DEC40047740C /* SceneDelegate.swift */; };
		ADF724C92479DEC40047740C /* TaskListView.swift in Sources */ = {isa = PBXBuildFile; fileRef = ADF724C82479DEC40047740C /* TaskListView.swift */; };
		ADF724CB2479DEC70047740C /* Assets.xcassets in Resources */ = {isa = PBXBuildFile; fileRef = ADF724CA2479DEC70047740C /* Assets.xcassets */; };
		ADF724CE2479DEC70047740C /* Preview Assets.xcassets in Resources */ = {isa = PBXBuildFile; fileRef = ADF724CD2479DEC70047740C /* Preview Assets.xcassets */; };
		ADF724D12479DEC70047740C /* LaunchScreen.storyboard in Resources */ = {isa = PBXBuildFile; fileRef = ADF724CF2479DEC70047740C /* LaunchScreen.storyboard */; };
		ADF724DA2479DF4A0047740C /* Task.swift in Sources */ = {isa = PBXBuildFile; fileRef = ADF724D92479DF4A0047740C /* Task.swift */; };
		ADF724E02479E55F0047740C /* TaskCellViewModel.swift in Sources */ = {isa = PBXBuildFile; fileRef = ADF724DF2479E55F0047740C /* TaskCellViewModel.swift */; };
		ADF724E22479EB0C0047740C /* TaskListViewModel.swift in Sources */ = {isa = PBXBuildFile; fileRef = ADF724E12479EB0C0047740C /* TaskListViewModel.swift */; };
/* End PBXBuildFile section */

/* Begin PBXFileReference section */
		ADF724C12479DEC40047740C /* Reminders.app */ = {isa = PBXFileReference; explicitFileType = wrapper.application; includeInIndex = 0; path = Reminders.app; sourceTree = BUILT_PRODUCTS_DIR; };
		ADF724C42479DEC40047740C /* AppDelegate.swift */ = {isa = PBXFileReference; lastKnownFileType = sourcecode.swift; path = AppDelegate.swift; sourceTree = "<group>"; };
		ADF724C62479DEC40047740C /* SceneDelegate.swift */ = {isa = PBXFileReference; lastKnownFileType = sourcecode.swift; path = SceneDelegate.swift; sourceTree = "<group>"; };
		ADF724C82479DEC40047740C /* TaskListView.swift */ = {isa = PBXFileReference; lastKnownFileType = sourcecode.swift; path = TaskListView.swift; sourceTree = "<group>"; };
		ADF724CA2479DEC70047740C /* Assets.xcassets */ = {isa = PBXFileReference; lastKnownFileType = folder.assetcatalog; path = Assets.xcassets; sourceTree = "<group>"; };
		ADF724CD2479DEC70047740C /* Preview Assets.xcassets */ = {isa = PBXFileReference; lastKnownFileType = folder.assetcatalog; path = "Preview Assets.xcassets"; sourceTree = "<group>"; };
		ADF724D02479DEC70047740C /* Base */ = {isa = PBXFileReference; lastKnownFileType = file.storyboard; name = Base; path = Base.lproj/LaunchScreen.storyboard; sourceTree = "<group>"; };
		ADF724D22479DEC70047740C /* Info.plist */ = {isa = PBXFileReference; lastKnownFileType = text.plist.xml; path = Info.plist; sourceTree = "<group>"; };
		ADF724D92479DF4A0047740C /* Task.swift */ = {isa = PBXFileReference; lastKnownFileType = sourcecode.swift; path = Task.swift; sourceTree = "<group>"; };
		ADF724DF2479E55F0047740C /* TaskCellViewModel.swift */ = {isa = PBXFileReference; lastKnownFileType = sourcecode.swift; path = TaskCellViewModel.swift; sourceTree = "<group>"; };
		ADF724E12479EB0C0047740C /* TaskListViewModel.swift */ = {isa = PBXFileReference; lastKnownFileType = sourcecode.swift; path = TaskListViewModel.swift; sourceTree = "<group>"; };
/* End PBXFileReference section */

/* Begin PBXFrameworksBuildPhase section */
		ADF724BE2479DEC40047740C /* Frameworks */ = {
			isa = PBXFrameworksBuildPhase;
			buildActionMask = 2147483647;
			files = (
			);
			runOnlyForDeploymentPostprocessing = 0;
		};
/* End PBXFrameworksBuildPhase section */

/* Begin PBXGroup section */
		ADF724B82479DEC40047740C = {
			isa = PBXGroup;
			children = (
				ADF724C32479DEC40047740C /* Reminders */,
				ADF724C22479DEC40047740C /* Products */,
			);
			sourceTree = "<group>";
		};
		ADF724C22479DEC40047740C /* Products */ = {
			isa = PBXGroup;
			children = (
				ADF724C12479DEC40047740C /* Reminders.app */,
			);
			name = Products;
			sourceTree = "<group>";
		};
		ADF724C32479DEC40047740C /* Reminders */ = {
			isa = PBXGroup;
			children = (
				ADF724DD2479E0980047740C /* App */,
				ADF724D82479DF350047740C /* Model */,
				ADF724DC2479E0890047740C /* Views */,
				ADF724DE2479E52D0047740C /* ViewModels */,
				ADF724CA2479DEC70047740C /* Assets.xcassets */,
				ADF724CF2479DEC70047740C /* LaunchScreen.storyboard */,
				ADF724D22479DEC70047740C /* Info.plist */,
				ADF724CC2479DEC70047740C /* Preview Content */,
			);
			path = Reminders;
			sourceTree = "<group>";
		};
		ADF724CC2479DEC70047740C /* Preview Content */ = {
			isa = PBXGroup;
			children = (
				ADF724CD2479DEC70047740C /* Preview Assets.xcassets */,
			);
			path = "Preview Content";
			sourceTree = "<group>";
		};
		ADF724D82479DF350047740C /* Model */ = {
			isa = PBXGroup;
			children = (
				ADF724D92479DF4A0047740C /* Task.swift */,
			);
			path = Model;
			sourceTree = "<group>";
		};
		ADF724DC2479E0890047740C /* Views */ = {
			isa = PBXGroup;
			children = (
				ADF724C82479DEC40047740C /* TaskListView.swift */,
			);
			path = Views;
			sourceTree = "<group>";
		};
		ADF724DD2479E0980047740C /* App */ = {
			isa = PBXGroup;
			children = (
				ADF724C42479DEC40047740C /* AppDelegate.swift */,
				ADF724C62479DEC40047740C /* SceneDelegate.swift */,
			);
			path = App;
			sourceTree = "<group>";
		};
		ADF724DE2479E52D0047740C /* ViewModels */ = {
			isa = PBXGroup;
			children = (
				ADF724DF2479E55F0047740C /* TaskCellViewModel.swift */,
				ADF724E12479EB0C0047740C /* TaskListViewModel.swift */,
			);
			path = ViewModels;
			sourceTree = "<group>";
		};
/* End PBXGroup section */

/* Begin PBXNativeTarget section */
		ADF724C02479DEC40047740C /* Reminders */ = {
			isa = PBXNativeTarget;
			buildConfigurationList = ADF724D52479DEC70047740C /* Build configuration list for PBXNativeTarget "Reminders" */;
			buildPhases = (
				ADF724BD2479DEC40047740C /* Sources */,
				ADF724BE2479DEC40047740C /* Frameworks */,
				ADF724BF2479DEC40047740C /* Resources */,
			);
			buildRules = (
			);
			dependencies = (
			);
			name = Reminders;
			productName = Reminders;
			productReference = ADF724C12479DEC40047740C /* Reminders.app */;
			productType = "com.apple.product-type.application";
		};
/* End PBXNativeTarget section */

/* Begin PBXProject section */
		ADF724B92479DEC40047740C /* Project object */ = {
			isa = PBXProject;
			attributes = {
				LastSwiftUpdateCheck = 1150;
				LastUpgradeCheck = 1150;
				ORGANIZATIONNAME = BaraLabs;
				TargetAttributes = {
					ADF724C02479DEC40047740C = {
						CreatedOnToolsVersion = 11.5;
					};
				};
			};
			buildConfigurationList = ADF724BC2479DEC40047740C /* Build configuration list for PBXProject "Reminders" */;
			compatibilityVersion = "Xcode 9.3";
			developmentRegion = en;
			hasScannedForEncodings = 0;
			knownRegions = (
				en,
				Base,
			);
			mainGroup = ADF724B82479DEC40047740C;
			productRefGroup = ADF724C22479DEC40047740C /* Products */;
			projectDirPath = "";
			projectRoot = "";
			targets = (
				ADF724C02479DEC40047740C /* Reminders */,
			);
		};
/* End PBXProject section */

/* Begin PBXResourcesBuildPhase section */
		ADF724BF2479DEC40047740C /* Resources */ = {
			isa = PBXResourcesBuildPhase;
			buildActionMask = 2147483647;
			files = (
				ADF724D12479DEC70047740C /* LaunchScreen.storyboard in Resources */,
				ADF724CE2479DEC70047740C /* Preview Assets.xcassets in Resources */,
				ADF724CB2479DEC70047740C /* Assets.xcassets in Resources */,
			);
			runOnlyForDeploymentPostprocessing = 0;
		};
/* End PBXResourcesBuildPhase section */

/* Begin PBXSourcesBuildPhase section */
		ADF724BD2479DEC40047740C /* Sources */ = {
			isa = PBXSourcesBuildPhase;
			buildActionMask = 2147483647;
			files = (
				ADF724DA2479DF4A0047740C /* Task.swift in Sources */,
				ADF724C52479DEC40047740C /* AppDelegate.swift in Sources */,
				ADF724C72479DEC40047740C /* SceneDelegate.swift in Sources */,
				ADF724C92479DEC40047740C /* TaskListView.swift in Sources */,
				ADF724E02479E55F0047740C /* TaskCellViewModel.swift in Sources */,
				ADF724E22479EB0C0047740C /* TaskListViewModel.swift in Sources */,
			);
			runOnlyForDeploymentPostprocessing = 0;
		};
/* End PBXSourcesBuildPhase section */

/* Begin PBXVariantGroup section */
		ADF724CF2479DEC70047740C /* LaunchScreen.storyboard */ = {
			isa = PBXVariantGroup;
			children = (
				ADF724D02479DEC70047740C /* Base */,
			);
			name = LaunchScreen.storyboard;
			sourceTree = "<group>";
		};
/* End PBXVariantGroup section */

/* Begin XCBuildConfiguration section */
		ADF724D32479DEC70047740C /* Debug */ = {
			isa = XCBuildConfiguration;
			buildSettings = {
				ALWAYS_SEARCH_USER_PATHS = NO;
				CLANG_ANALYZER_NONNULL = YES;
				CLANG_ANALYZER_NUMBER_OBJECT_CONVERSION = YES_AGGRESSIVE;
				CLANG_CXX_LANGUAGE_STANDARD = "gnu++14";
				CLANG_CXX_LIBRARY = "libc++";
				CLANG_ENABLE_MODULES = YES;
				CLANG_ENABLE_OBJC_ARC = YES;
				CLANG_ENABLE_OBJC_WEAK = YES;
				CLANG_WARN_BLOCK_CAPTURE_AUTORELEASING = YES;
				CLANG_WARN_BOOL_CONVERSION = YES;
				CLANG_WARN_COMMA = YES;
				CLANG_WARN_CONSTANT_CONVERSION = YES;
				CLANG_WARN_DEPRECATED_OBJC_IMPLEMENTATIONS = YES;
				CLANG_WARN_DIRECT_OBJC_ISA_USAGE = YES_ERROR;
				CLANG_WARN_DOCUMENTATION_COMMENTS = YES;
				CLANG_WARN_EMPTY_BODY = YES;
				CLANG_WARN_ENUM_CONVERSION = YES;
				CLANG_WARN_INFINITE_RECURSION = YES;
				CLANG_WARN_INT_CONVERSION = YES;
				CLANG_WARN_NON_LITERAL_NULL_CONVERSION = YES;
				CLANG_WARN_OBJC_IMPLICIT_RETAIN_SELF = YES;
				CLANG_WARN_OBJC_LITERAL_CONVERSION = YES;
				CLANG_WARN_OBJC_ROOT_CLASS = YES_ERROR;
				CLANG_WARN_RANGE_LOOP_ANALYSIS = YES;
				CLANG_WARN_STRICT_PROTOTYPES = YES;
				CLANG_WARN_SUSPICIOUS_MOVE = YES;
				CLANG_WARN_UNGUARDED_AVAILABILITY = YES_AGGRESSIVE;
				CLANG_WARN_UNREACHABLE_CODE = YES;
				CLANG_WARN__DUPLICATE_METHOD_MATCH = YES;
				COPY_PHASE_STRIP = NO;
				DEBUG_INFORMATION_FORMAT = dwarf;
				ENABLE_STRICT_OBJC_MSGSEND = YES;
				ENABLE_TESTABILITY = YES;
				GCC_C_LANGUAGE_STANDARD = gnu11;
				GCC_DYNAMIC_NO_PIC = NO;
				GCC_NO_COMMON_BLOCKS = YES;
				GCC_OPTIMIZATION_LEVEL = 0;
				GCC_PREPROCESSOR_DEFINITIONS = (
					"DEBUG=1",
					"$(inherited)",
				);
				GCC_WARN_64_TO_32_BIT_CONVERSION = YES;
				GCC_WARN_ABOUT_RETURN_TYPE = YES_ERROR;
				GCC_WARN_UNDECLARED_SELECTOR = YES;
				GCC_WARN_UNINITIALIZED_AUTOS = YES_AGGRESSIVE;
				GCC_WARN_UNUSED_FUNCTION = YES;
				GCC_WARN_UNUSED_VARIABLE = YES;
				IPHONEOS_DEPLOYMENT_TARGET = 13.5;
				MTL_ENABLE_DEBUG_INFO = INCLUDE_SOURCE;
				MTL_FAST_MATH = YES;
				ONLY_ACTIVE_ARCH = YES;
				SDKROOT = iphoneos;
				SWIFT_ACTIVE_COMPILATION_CONDITIONS = DEBUG;
				SWIFT_OPTIMIZATION_LEVEL = "-Onone";
			};
			name = Debug;
		};
		ADF724D42479DEC70047740C /* Release */ = {
			isa = XCBuildConfiguration;
			buildSettings = {
				ALWAYS_SEARCH_USER_PATHS = NO;
				CLANG_ANALYZER_NONNULL = YES;
				CLANG_ANALYZER_NUMBER_OBJECT_CONVERSION = YES_AGGRESSIVE;
				CLANG_CXX_LANGUAGE_STANDARD = "gnu++14";
				CLANG_CXX_LIBRARY = "libc++";
				CLANG_ENABLE_MODULES = YES;
				CLANG_ENABLE_OBJC_ARC = YES;
				CLANG_ENABLE_OBJC_WEAK = YES;
				CLANG_WARN_BLOCK_CAPTURE_AUTORELEASING = YES;
				CLANG_WARN_BOOL_CONVERSION = YES;
				CLANG_WARN_COMMA = YES;
				CLANG_WARN_CONSTANT_CONVERSION = YES;
				CLANG_WARN_DEPRECATED_OBJC_IMPLEMENTATIONS = YES;
				CLANG_WARN_DIRECT_OBJC_ISA_USAGE = YES_ERROR;
				CLANG_WARN_DOCUMENTATION_COMMENTS = YES;
				CLANG_WARN_EMPTY_BODY = YES;
				CLANG_WARN_ENUM_CONVERSION = YES;
				CLANG_WARN_INFINITE_RECURSION = YES;
				CLANG_WARN_INT_CONVERSION = YES;
				CLANG_WARN_NON_LITERAL_NULL_CONVERSION = YES;
				CLANG_WARN_OBJC_IMPLICIT_RETAIN_SELF = YES;
				CLANG_WARN_OBJC_LITERAL_CONVERSION = YES;
				CLANG_WARN_OBJC_ROOT_CLASS = YES_ERROR;
				CLANG_WARN_RANGE_LOOP_ANALYSIS = YES;
				CLANG_WARN_STRICT_PROTOTYPES = YES;
				CLANG_WARN_SUSPICIOUS_MOVE = YES;
				CLANG_WARN_UNGUARDED_AVAILABILITY = YES_AGGRESSIVE;
				CLANG_WARN_UNREACHABLE_CODE = YES;
				CLANG_WARN__DUPLICATE_METHOD_MATCH = YES;
				COPY_PHASE_STRIP = NO;
				DEBUG_INFORMATION_FORMAT = "dwarf-with-dsym";
				ENABLE_NS_ASSERTIONS = NO;
				ENABLE_STRICT_OBJC_MSGSEND = YES;
				GCC_C_LANGUAGE_STANDARD = gnu11;
				GCC_NO_COMMON_BLOCKS = YES;
				GCC_WARN_64_TO_32_BIT_CONVERSION = YES;
				GCC_WARN_ABOUT_RETURN_TYPE = YES_ERROR;
				GCC_WARN_UNDECLARED_SELECTOR = YES;
				GCC_WARN_UNINITIALIZED_AUTOS = YES_AGGRESSIVE;
				GCC_WARN_UNUSED_FUNCTION = YES;
				GCC_WARN_UNUSED_VARIABLE = YES;
				IPHONEOS_DEPLOYMENT_TARGET = 13.5;
				MTL_ENABLE_DEBUG_INFO = NO;
				MTL_FAST_MATH = YES;
				SDKROOT = iphoneos;
				SWIFT_COMPILATION_MODE = wholemodule;
				SWIFT_OPTIMIZATION_LEVEL = "-O";
				VALIDATE_PRODUCT = YES;
			};
			name = Release;
		};
		ADF724D62479DEC70047740C /* Debug */ = {
			isa = XCBuildConfiguration;
			buildSettings = {
				ASSETCATALOG_COMPILER_APPICON_NAME = AppIcon;
				CODE_SIGN_STYLE = Automatic;
				DEVELOPMENT_ASSET_PATHS = "\"Reminders/Preview Content\"";
				DEVELOPMENT_TEAM = CF655ESNGC;
				ENABLE_PREVIEWS = YES;
				INFOPLIST_FILE = Reminders/Info.plist;
				LD_RUNPATH_SEARCH_PATHS = (
					"$(inherited)",
					"@executable_path/Frameworks",
				);
				PRODUCT_BUNDLE_IDENTIFIER = com.baralabs.Reminders;
				PRODUCT_NAME = "$(TARGET_NAME)";
				SWIFT_VERSION = 5.0;
				TARGETED_DEVICE_FAMILY = "1,2";
			};
			name = Debug;
		};
		ADF724D72479DEC70047740C /* Release */ = {
			isa = XCBuildConfiguration;
			buildSettings = {
				ASSETCATALOG_COMPILER_APPICON_NAME = AppIcon;
				CODE_SIGN_STYLE = Automatic;
				DEVELOPMENT_ASSET_PATHS = "\"Reminders/Preview Content\"";
				DEVELOPMENT_TEAM = CF655ESNGC;
				ENABLE_PREVIEWS = YES;
				INFOPLIST_FILE = Reminders/Info.plist;
				LD_RUNPATH_SEARCH_PATHS = (
					"$(inherited)",
					"@executable_path/Frameworks",
				);
				PRODUCT_BUNDLE_IDENTIFIER = com.baralabs.Reminders;
				PRODUCT_NAME = "$(TARGET_NAME)";
				SWIFT_VERSION = 5.0;
				TARGETED_DEVICE_FAMILY = "1,2";
			};
			name = Release;
		};
/* End XCBuildConfiguration section */

/* Begin XCConfigurationList section */
		ADF724BC2479DEC40047740C /* Build configuration list for PBXProject "Reminders" */ = {
			isa = XCConfigurationList;
			buildConfigurations = (
				ADF724D32479DEC70047740C /* Debug */,
				ADF724D42479DEC70047740C /* Release */,
			);
			defaultConfigurationIsVisible = 0;
			defaultConfigurationName = Release;
		};
		ADF724D52479DEC70047740C /* Build configuration list for PBXNativeTarget "Reminders" */ = {
			isa = XCConfigurationList;
			buildConfigurations = (
				ADF724D62479DEC70047740C /* Debug */,
				ADF724D72479DEC70047740C /* Release */,
			);
			defaultConfigurationIsVisible = 0;
			defaultConfigurationName = Release;
		};
/* End XCConfigurationList section */
	};
	rootObject = ADF724B92479DEC40047740C /* Project object */;
}
